// !$*UTF8*$!
{
	archiveVersion = 1;
	classes = {
	};
	objectVersion = 46;
	objects = {

/* Begin PBXBuildFile section */
		804E3AC31B04339B000101B7 /* AppDelegate.swift in Sources */ = {isa = PBXBuildFile; fileRef = 804E3AC21B04339B000101B7 /* AppDelegate.swift */; };
		804E3AC51B04339B000101B7 /* ViewController.swift in Sources */ = {isa = PBXBuildFile; fileRef = 804E3AC41B04339B000101B7 /* ViewController.swift */; };
		804E3AC81B04339B000101B7 /* Main.storyboard in Resources */ = {isa = PBXBuildFile; fileRef = 804E3AC61B04339B000101B7 /* Main.storyboard */; };
		804E3ACA1B04339B000101B7 /* Images.xcassets in Resources */ = {isa = PBXBuildFile; fileRef = 804E3AC91B04339B000101B7 /* Images.xcassets */; };
		804E3ACD1B04339B000101B7 /* LaunchScreen.xib in Resources */ = {isa = PBXBuildFile; fileRef = 804E3ACB1B04339B000101B7 /* LaunchScreen.xib */; };
		804E3AD91B04339B000101B7 /* QuizeGameTests.swift in Sources */ = {isa = PBXBuildFile; fileRef = 804E3AD81B04339B000101B7 /* QuizeGameTests.swift */; };
		804E3AE31B043478000101B7 /* Answer.swift in Sources */ = {isa = PBXBuildFile; fileRef = 804E3AE21B043478000101B7 /* Answer.swift */; };
/* End PBXBuildFile section */

/* Begin PBXContainerItemProxy section */
		804E3AD31B04339B000101B7 /* PBXContainerItemProxy */ = {
			isa = PBXContainerItemProxy;
			containerPortal = 804E3AB51B04339B000101B7 /* Project object */;
			proxyType = 1;
			remoteGlobalIDString = 804E3ABC1B04339B000101B7;
			remoteInfo = QuizeGame;
		};
/* End PBXContainerItemProxy section */

/* Begin PBXFileReference section */
		804E3ABD1B04339B000101B7 /* QuizeGame.app */ = {isa = PBXFileReference; explicitFileType = wrapper.application; includeInIndex = 0; path = QuizeGame.app; sourceTree = BUILT_PRODUCTS_DIR; };
		804E3AC11B04339B000101B7 /* Info.plist */ = {isa = PBXFileReference; lastKnownFileType = text.plist.xml; path = Info.plist; sourceTree = "<group>"; };
		804E3AC21B04339B000101B7 /* AppDelegate.swift */ = {isa = PBXFileReference; lastKnownFileType = sourcecode.swift; path = AppDelegate.swift; sourceTree = "<group>"; };
		804E3AC41B04339B000101B7 /* ViewController.swift */ = {isa = PBXFileReference; lastKnownFileType = sourcecode.swift; path = ViewController.swift; sourceTree = "<group>"; };
		804E3AC71B04339B000101B7 /* Base */ = {isa = PBXFileReference; lastKnownFileType = file.storyboard; name = Base; path = Base.lproj/Main.storyboard; sourceTree = "<group>"; };
		804E3AC91B04339B000101B7 /* Images.xcassets */ = {isa = PBXFileReference; lastKnownFileType = folder.assetcatalog; path = Images.xcassets; sourceTree = "<group>"; };
		804E3ACC1B04339B000101B7 /* Base */ = {isa = PBXFileReference; lastKnownFileType = file.xib; name = Base; path = Base.lproj/LaunchScreen.xib; sourceTree = "<group>"; };
		804E3AD21B04339B000101B7 /* QuizeGameTests.xctest */ = {isa = PBXFileReference; explicitFileType = wrapper.cfbundle; includeInIndex = 0; path = QuizeGameTests.xctest; sourceTree = BUILT_PRODUCTS_DIR; };
		804E3AD71B04339B000101B7 /* Info.plist */ = {isa = PBXFileReference; lastKnownFileType = text.plist.xml; path = Info.plist; sourceTree = "<group>"; };
		804E3AD81B04339B000101B7 /* QuizeGameTests.swift */ = {isa = PBXFileReference; lastKnownFileType = sourcecode.swift; path = QuizeGameTests.swift; sourceTree = "<group>"; };
		804E3AE21B043478000101B7 /* Answer.swift */ = {isa = PBXFileReference; fileEncoding = 4; lastKnownFileType = sourcecode.swift; path = Answer.swift; sourceTree = "<group>"; };
/* End PBXFileReference section */

/* Begin PBXFrameworksBuildPhase section */
		804E3ABA1B04339B000101B7 /* Frameworks */ = {
			isa = PBXFrameworksBuildPhase;
			buildActionMask = 2147483647;
			files = (
			);
			runOnlyForDeploymentPostprocessing = 0;
		};
		804E3ACF1B04339B000101B7 /* Frameworks */ = {
			isa = PBXFrameworksBuildPhase;
			buildActionMask = 2147483647;
			files = (
			);
			runOnlyForDeploymentPostprocessing = 0;
		};
/* End PBXFrameworksBuildPhase section */

/* Begin PBXGroup section */
		804E3AB41B04339B000101B7 = {
			isa = PBXGroup;
			children = (
				804E3ABF1B04339B000101B7 /* QuizeGame */,
				804E3AD51B04339B000101B7 /* QuizeGameTests */,
				804E3ABE1B04339B000101B7 /* Products */,
			);
			sourceTree = "<group>";
		};
		804E3ABE1B04339B000101B7 /* Products */ = {
			isa = PBXGroup;
			children = (
				804E3ABD1B04339B000101B7 /* QuizeGame.app */,
				804E3AD21B04339B000101B7 /* QuizeGameTests.xctest */,
			);
			name = Products;
			sourceTree = "<group>";
		};
		804E3ABF1B04339B000101B7 /* QuizeGame */ = {
			isa = PBXGroup;
			children = (
				804E3AC21B04339B000101B7 /* AppDelegate.swift */,
				804E3AC41B04339B000101B7 /* ViewController.swift */,
				804E3AE21B043478000101B7 /* Answer.swift */,
				804E3AC61B04339B000101B7 /* Main.storyboard */,
				804E3AC91B04339B000101B7 /* Images.xcassets */,
				804E3ACB1B04339B000101B7 /* LaunchScreen.xib */,
				804E3AC01B04339B000101B7 /* Supporting Files */,
			);
			path = QuizeGame;
			sourceTree = "<group>";
		};
		804E3AC01B04339B000101B7 /* Supporting Files */ = {
			isa = PBXGroup;
			children = (
				804E3AC11B04339B000101B7 /* Info.plist */,
			);
			name = "Supporting Files";
			sourceTree = "<group>";
		};
		804E3AD51B04339B000101B7 /* QuizeGameTests */ = {
			isa = PBXGroup;
			children = (
				804E3AD81B04339B000101B7 /* QuizeGameTests.swift */,
				804E3AD61B04339B000101B7 /* Supporting Files */,
			);
			path = QuizeGameTests;
			sourceTree = "<group>";
		};
		804E3AD61B04339B000101B7 /* Supporting Files */ = {
			isa = PBXGroup;
			children = (
				804E3AD71B04339B000101B7 /* Info.plist */,
			);
			name = "Supporting Files";
			sourceTree = "<group>";
		};
/* End PBXGroup section */

/* Begin PBXNativeTarget section */
		804E3ABC1B04339B000101B7 /* QuizeGame */ = {
			isa = PBXNativeTarget;
			buildConfigurationList = 804E3ADC1B04339B000101B7 /* Build configuration list for PBXNativeTarget "QuizeGame" */;
			buildPhases = (
				804E3AB91B04339B000101B7 /* Sources */,
				804E3ABA1B04339B000101B7 /* Frameworks */,
				804E3ABB1B04339B000101B7 /* Resources */,
			);
			buildRules = (
			);
			dependencies = (
			);
			name = QuizeGame;
			productName = QuizeGame;
			productReference = 804E3ABD1B04339B000101B7 /* QuizeGame.app */;
			productType = "com.apple.product-type.application";
		};
		804E3AD11B04339B000101B7 /* QuizeGameTests */ = {
			isa = PBXNativeTarget;
			buildConfigurationList = 804E3ADF1B04339B000101B7 /* Build configuration list for PBXNativeTarget "QuizeGameTests" */;
			buildPhases = (
				804E3ACE1B04339B000101B7 /* Sources */,
				804E3ACF1B04339B000101B7 /* Frameworks */,
				804E3AD01B04339B000101B7 /* Resources */,
			);
			buildRules = (
			);
			dependencies = (
				804E3AD41B04339B000101B7 /* PBXTargetDependency */,
			);
			name = QuizeGameTests;
			productName = QuizeGameTests;
			productReference = 804E3AD21B04339B000101B7 /* QuizeGameTests.xctest */;
			productType = "com.apple.product-type.bundle.unit-test";
		};
/* End PBXNativeTarget section */

/* Begin PBXProject section */
		804E3AB51B04339B000101B7 /* Project object */ = {
			isa = PBXProject;
			attributes = {
				LastUpgradeCheck = 0620;
				ORGANIZATIONNAME = Joel;
				TargetAttributes = {
					804E3ABC1B04339B000101B7 = {
						CreatedOnToolsVersion = 6.2;
					};
					804E3AD11B04339B000101B7 = {
						CreatedOnToolsVersion = 6.2;
						TestTargetID = 804E3ABC1B04339B000101B7;
					};
				};
			};
			buildConfigurationList = 804E3AB81B04339B000101B7 /* Build configuration list for PBXProject "QuizeGame" */;
			compatibilityVersion = "Xcode 3.2";
			developmentRegion = English;
			hasScannedForEncodings = 0;
			knownRegions = (
				en,
				Base,
			);
			mainGroup = 804E3AB41B04339B000101B7;
			productRefGroup = 804E3ABE1B04339B000101B7 /* Products */;
			projectDirPath = "";
			projectRoot = "";
			targets = (
				804E3ABC1B04339B000101B7 /* QuizeGame */,
				804E3AD11B04339B000101B7 /* QuizeGameTests */,
			);
		};
/* End PBXProject section */

/* Begin PBXResourcesBuildPhase section */
		804E3ABB1B04339B000101B7 /* Resources */ = {
			isa = PBXResourcesBuildPhase;
			buildActionMask = 2147483647;
			files = (
				804E3AC81B04339B000101B7 /* Main.storyboard in Resources */,
				804E3ACD1B04339B000101B7 /* LaunchScreen.xib in Resources */,
				804E3ACA1B04339B000101B7 /* Images.xcassets in Resources */,
			);
			runOnlyForDeploymentPostprocessing = 0;
		};
		804E3AD01B04339B000101B7 /* Resources */ = {
			isa = PBXResourcesBuildPhase;
			buildActionMask = 2147483647;
			files = (
			);
			runOnlyForDeploymentPostprocessing = 0;
		};
/* End PBXResourcesBuildPhase section */

/* Begin PBXSourcesBuildPhase section */
		804E3AB91B04339B000101B7 /* Sources */ = {
			isa = PBXSourcesBuildPhase;
			buildActionMask = 2147483647;
			files = (
				804E3AC51B04339B000101B7 /* ViewController.swift in Sources */,
				804E3AE31B043478000101B7 /* Answer.swift in Sources */,
				804E3AC31B04339B000101B7 /* AppDelegate.swift in Sources */,
			);
			runOnlyForDeploymentPostprocessing = 0;
		};
		804E3ACE1B04339B000101B7 /* Sources */ = {
			isa = PBXSourcesBuildPhase;
			buildActionMask = 2147483647;
			files = (
				804E3AD91B04339B000101B7 /* QuizeGameTests.swift in Sources */,
			);
			runOnlyForDeploymentPostprocessing = 0;
		};
/* End PBXSourcesBuildPhase section */

/* Begin PBXTargetDependency section */
		804E3AD41B04339B000101B7 /* PBXTargetDependency */ = {
			isa = PBXTargetDependency;
			target = 804E3ABC1B04339B000101B7 /* QuizeGame */;
			targetProxy = 804E3AD31B04339B000101B7 /* PBXContainerItemProxy */;
		};
/* End PBXTargetDependency section */

/* Begin PBXVariantGroup section */
		804E3AC61B04339B000101B7 /* Main.storyboard */ = {
			isa = PBXVariantGroup;
			children = (
				804E3AC71B04339B000101B7 /* Base */,
			);
			name = Main.storyboard;
			sourceTree = "<group>";
		};
		804E3ACB1B04339B000101B7 /* LaunchScreen.xib */ = {
			isa = PBXVariantGroup;
			children = (
				804E3ACC1B04339B000101B7 /* Base */,
			);
			name = LaunchScreen.xib;
			sourceTree = "<group>";
		};
/* End PBXVariantGroup section */

/* Begin XCBuildConfiguration section */
		804E3ADA1B04339B000101B7 /* Debug */ = {
			isa = XCBuildConfiguration;
			buildSettings = {
				ALWAYS_SEARCH_USER_PATHS = NO;
				CLANG_CXX_LANGUAGE_STANDARD = "gnu++0x";
				CLANG_CXX_LIBRARY = "libc++";
				CLANG_ENABLE_MODULES = YES;
				CLANG_ENABLE_OBJC_ARC = YES;
				CLANG_WARN_BOOL_CONVERSION = YES;
				CLANG_WARN_CONSTANT_CONVERSION = YES;
				CLANG_WARN_DIRECT_OBJC_ISA_USAGE = YES_ERROR;
				CLANG_WARN_EMPTY_BODY = YES;
				CLANG_WARN_ENUM_CONVERSION = YES;
				CLANG_WARN_INT_CONVERSION = YES;
				CLANG_WARN_OBJC_ROOT_CLASS = YES_ERROR;
				CLANG_WARN_UNREACHABLE_CODE = YES;
				CLANG_WARN__DUPLICATE_METHOD_MATCH = YES;
				"CODE_SIGN_IDENTITY[sdk=iphoneos*]" = "iPhone Developer";
				COPY_PHASE_STRIP = NO;
				ENABLE_STRICT_OBJC_MSGSEND = YES;
				GCC_C_LANGUAGE_STANDARD = gnu99;
				GCC_DYNAMIC_NO_PIC = NO;
				GCC_OPTIMIZATION_LEVEL = 0;
				GCC_PREPROCESSOR_DEFINITIONS = (
					"DEBUG=1",
					"$(inherited)",
				);
				GCC_SYMBOLS_PRIVATE_EXTERN = NO;
				GCC_WARN_64_TO_32_BIT_CONVERSION = YES;
				GCC_WARN_ABOUT_RETURN_TYPE = YES_ERROR;
				GCC_WARN_UNDECLARED_SELECTOR = YES;
				GCC_WARN_UNINITIALIZED_AUTOS = YES_AGGRESSIVE;
				GCC_WARN_UNUSED_FUNCTION = YES;
				GCC_WARN_UNUSED_VARIABLE = YES;
				IPHONEOS_DEPLOYMENT_TARGET = 8.2;
				MTL_ENABLE_DEBUG_INFO = YES;
				ONLY_ACTIVE_ARCH = YES;
				SDKROOT = iphoneos;
				SWIFT_OPTIMIZATION_LEVEL = "-Onone";
			};
			name = Debug;
		};
		804E3ADB1B04339B000101B7 /* Release */ = {
			isa = XCBuildConfiguration;
			buildSettings = {
				ALWAYS_SEARCH_USER_PATHS = NO;
				CLANG_CXX_LANGUAGE_STANDARD = "gnu++0x";
				CLANG_CXX_LIBRARY = "libc++";
				CLANG_ENABLE_MODULES = YES;
				CLANG_ENABLE_OBJC_ARC = YES;
				CLANG_WARN_BOOL_CONVERSION = YES;
				CLANG_WARN_CONSTANT_CONVERSION = YES;
				CLANG_WARN_DIRECT_OBJC_ISA_USAGE = YES_ERROR;
				CLANG_WARN_EMPTY_BODY = YES;
				CLANG_WARN_ENUM_CONVERSION = YES;
				CLANG_WARN_INT_CONVERSION = YES;
				CLANG_WARN_OBJC_ROOT_CLASS = YES_ERROR;
				CLANG_WARN_UNREACHABLE_CODE = YES;
				CLANG_WARN__DUPLICATE_METHOD_MATCH = YES;
				"CODE_SIGN_IDENTITY[sdk=iphoneos*]" = "iPhone Developer";
				COPY_PHASE_STRIP = NO;
				ENABLE_NS_ASSERTIONS = NO;
				ENABLE_STRICT_OBJC_MSGSEND = YES;
				GCC_C_LANGUAGE_STANDARD = gnu99;
				GCC_WARN_64_TO_32_BIT_CONVERSION = YES;
				GCC_WARN_ABOUT_RETURN_TYPE = YES_ERROR;
				GCC_WARN_UNDECLARED_SELECTOR = YES;
				GCC_WARN_UNINITIALIZED_AUTOS = YES_AGGRESSIVE;
				GCC_WARN_UNUSED_FUNCTION = YES;
				GCC_WARN_UNUSED_VARIABLE = YES;
				IPHONEOS_DEPLOYMENT_TARGET = 8.2;
				MTL_ENABLE_DEBUG_INFO = NO;
				SDKROOT = iphoneos;
				VALIDATE_PRODUCT = YES;
			};
			name = Release;
		};
		804E3ADD1B04339B000101B7 /* Debug */ = {
			isa = XCBuildConfiguration;
			buildSettings = {
				ASSETCATALOG_COMPILER_APPICON_NAME = AppIcon;
				INFOPLIST_FILE = QuizeGame/Info.plist;
				LD_RUNPATH_SEARCH_PATHS = "$(inherited) @executable_path/Frameworks";
				PRODUCT_NAME = "$(TARGET_NAME)";
			};
			name = Debug;
		};
		804E3ADE1B04339B000101B7 /* Release */ = {
			isa = XCBuildConfiguration;
			buildSettings = {
				ASSETCATALOG_COMPILER_APPICON_NAME = AppIcon;
				INFOPLIST_FILE = QuizeGame/Info.plist;
				LD_RUNPATH_SEARCH_PATHS = "$(inherited) @executable_path/Frameworks";
				PRODUCT_NAME = "$(TARGET_NAME)";
			};
			name = Release;
		};
		804E3AE01B04339B000101B7 /* Debug */ = {
			isa = XCBuildConfiguration;
			buildSettings = {
				BUNDLE_LOADER = "$(TEST_HOST)";
				FRAMEWORK_SEARCH_PATHS = (
					"$(SDKROOT)/Developer/Library/Frameworks",
					"$(inherited)",
				);
				GCC_PREPROCESSOR_DEFINITIONS = (
					"DEBUG=1",
					"$(inherited)",
				);
				INFOPLIST_FILE = QuizeGameTests/Info.plist;
				LD_RUNPATH_SEARCH_PATHS = "$(inherited) @executable_path/Frameworks @loader_path/Frameworks";
				PRODUCT_NAME = "$(TARGET_NAME)";
				TEST_HOST = "$(BUILT_PRODUCTS_DIR)/QuizeGame.app/QuizeGame";
			};
			name = Debug;
		};
		804E3AE11B04339B000101B7 /* Release */ = {
			isa = XCBuildConfiguration;
			buildSettings = {
				BUNDLE_LOADER = "$(TEST_HOST)";
				FRAMEWORK_SEARCH_PATHS = (
					"$(SDKROOT)/Developer/Library/Frameworks",
					"$(inherited)",
				);
				INFOPLIST_FILE = QuizeGameTests/Info.plist;
				LD_RUNPATH_SEARCH_PATHS = "$(inherited) @executable_path/Frameworks @loader_path/Frameworks";
				PRODUCT_NAME = "$(TARGET_NAME)";
				TEST_HOST = "$(BUILT_PRODUCTS_DIR)/QuizeGame.app/QuizeGame";
			};
			name = Release;
		};
/* End XCBuildConfiguration section */

/* Begin XCConfigurationList section */
		804E3AB81B04339B000101B7 /* Build configuration list for PBXProject "QuizeGame" */ = {
			isa = XCConfigurationList;
			buildConfigurations = (
				804E3ADA1B04339B000101B7 /* Debug */,
				804E3ADB1B04339B000101B7 /* Release */,
			);
			defaultConfigurationIsVisible = 0;
			defaultConfigurationName = Release;
		};
		804E3ADC1B04339B000101B7 /* Build configuration list for PBXNativeTarget "QuizeGame" */ = {
			isa = XCConfigurationList;
			buildConfigurations = (
				804E3ADD1B04339B000101B7 /* Debug */,
				804E3ADE1B04339B000101B7 /* Release */,
			);
			defaultConfigurationIsVisible = 0;
		};
		804E3ADF1B04339B000101B7 /* Build configuration list for PBXNativeTarget "QuizeGameTests" */ = {
			isa = XCConfigurationList;
			buildConfigurations = (
				804E3AE01B04339B000101B7 /* Debug */,
				804E3AE11B04339B000101B7 /* Release */,
			);
			defaultConfigurationIsVisible = 0;
		};
/* End XCConfigurationList section */
	};
	rootObject = 804E3AB51B04339B000101B7 /* Project object */;
}
